// !$*UTF8*$!
{
	archiveVersion = 1;
	classes = {
	};
	objectVersion = 77;
	objects = {

/* Begin PBXBuildFile section */
		D00100030000000000000003 /* Sparkle in Frameworks */ = {isa = PBXBuildFile; productRef = D00100020000000000000002 /* Sparkle */; };
/* End PBXBuildFile section */

/* Begin PBXContainerItemProxy section */
		AE078F502FFD1B000041EBD1 /* PBXContainerItemProxy */ = {
			isa = PBXContainerItemProxy;
			containerPortal = AE078F3A2FFD1B000041EBD1 /* Project object */;
			proxyType = 1;
			remoteGlobalIDString = AE078F412FFD1B000041EBD1;
			remoteInfo = BarBop;
		};
		AE078F5A2FFD1B000041EBD1 /* PBXContainerItemProxy */ = {
			isa = PBXContainerItemProxy;
			containerPortal = AE078F3A2FFD1B000041EBD1 /* Project object */;
			proxyType = 1;
			remoteGlobalIDString = AE078F412FFD1B000041EBD1;
			remoteInfo = BarBop;
		};
/* End PBXContainerItemProxy section */

/* Begin PBXFileReference section */
		AE078F422FFD1B000041EBD1 /* BarBop.app */ = {isa = PBXFileReference; explicitFileType = wrapper.application; includeInIndex = 0; path = BarBop.app; sourceTree = BUILT_PRODUCTS_DIR; };
		AE078F4F2FFD1B000041EBD1 /* BarBopTests.xctest */ = {isa = PBXFileReference; explicitFileType = wrapper.cfbundle; includeInIndex = 0; path = BarBopTests.xctest; sourceTree = BUILT_PRODUCTS_DIR; };
		AE078F592FFD1B000041EBD1 /* BarBopUITests.xctest */ = {isa = PBXFileReference; explicitFileType = wrapper.cfbundle; includeInIndex = 0; path = BarBopUITests.xctest; sourceTree = BUILT_PRODUCTS_DIR; };
		B00100010000000000000001 /* NotificationObserverSpike.app */ = {isa = PBXFileReference; explicitFileType = wrapper.application; includeInIndex = 0; path = NotificationObserverSpike.app; sourceTree = BUILT_PRODUCTS_DIR; };
/* End PBXFileReference section */

/* Begin PBXFileSystemSynchronizedBuildFileExceptionSet section */
		D00100040000000000000004 /* Exceptions for "BarBop" folder in "BarBop" target */ = {
			isa = PBXFileSystemSynchronizedBuildFileExceptionSet;
			membershipExceptions = (
				Info.plist,
			);
			target = AE078F412FFD1B000041EBD1 /* BarBop */;
		};
/* End PBXFileSystemSynchronizedBuildFileExceptionSet section */

/* Begin PBXFileSystemSynchronizedRootGroup section */
		AE078F442FFD1B000041EBD1 /* BarBop */ = {
			isa = PBXFileSystemSynchronizedRootGroup;
			exceptions = (
				D00100040000000000000004 /* Exceptions for "BarBop" folder in "BarBop" target */,
			);
			path = BarBop;
			sourceTree = "<group>";
		};
		AE078F522FFD1B000041EBD1 /* BarBopTests */ = {
			isa = PBXFileSystemSynchronizedRootGroup;
			path = BarBopTests;
			sourceTree = "<group>";
		};
		AE078F5C2FFD1B000041EBD1 /* BarBopUITests */ = {
			isa = PBXFileSystemSynchronizedRootGroup;
			path = BarBopUITests;
			sourceTree = "<group>";
		};
		B00100020000000000000002 /* NotificationObserverSpike */ = {
			isa = PBXFileSystemSynchronizedRootGroup;
			path = NotificationObserverSpike;
			sourceTree = "<group>";
		};
		C00100010000000000000001 /* NotificationBannerCore */ = {
			isa = PBXFileSystemSynchronizedRootGroup;
			path = NotificationBannerCore;
			sourceTree = "<group>";
		};
/* End PBXFileSystemSynchronizedRootGroup section */

/* Begin PBXFrameworksBuildPhase section */
		AE078F3F2FFD1B000041EBD1 /* Frameworks */ = {
			isa = PBXFrameworksBuildPhase;
			buildActionMask = 2147483647;
			files = (
				D00100030000000000000003 /* Sparkle in Frameworks */,
			);
			runOnlyForDeploymentPostprocessing = 0;
		};
		AE078F4C2FFD1B000041EBD1 /* Frameworks */ = {
			isa = PBXFrameworksBuildPhase;
			buildActionMask = 2147483647;
			files = (
			);
			runOnlyForDeploymentPostprocessing = 0;
		};
		AE078F562FFD1B000041EBD1 /* Frameworks */ = {
			isa = PBXFrameworksBuildPhase;
			buildActionMask = 2147483647;
			files = (
			);
			runOnlyForDeploymentPostprocessing = 0;
		};
		B00100050000000000000005 /* Frameworks */ = {
			isa = PBXFrameworksBuildPhase;
			buildActionMask = 2147483647;
			files = (
			);
			runOnlyForDeploymentPostprocessing = 0;
		};
/* End PBXFrameworksBuildPhase section */

/* Begin PBXGroup section */
		AE078F392FFD1B000041EBD1 = {
			isa = PBXGroup;
			children = (
				AE078F442FFD1B000041EBD1 /* BarBop */,
				AE078F522FFD1B000041EBD1 /* BarBopTests */,
				AE078F5C2FFD1B000041EBD1 /* BarBopUITests */,
				B00100020000000000000002 /* NotificationObserverSpike */,
				C00100010000000000000001 /* NotificationBannerCore */,
				AE078F432FFD1B000041EBD1 /* Products */,
			);
			sourceTree = "<group>";
		};
		AE078F432FFD1B000041EBD1 /* Products */ = {
			isa = PBXGroup;
			children = (
				AE078F422FFD1B000041EBD1 /* BarBop.app */,
				AE078F4F2FFD1B000041EBD1 /* BarBopTests.xctest */,
				AE078F592FFD1B000041EBD1 /* BarBopUITests.xctest */,
				B00100010000000000000001 /* NotificationObserverSpike.app */,
			);
			name = Products;
			sourceTree = "<group>";
		};
/* End PBXGroup section */

/* Begin PBXNativeTarget section */
		AE078F412FFD1B000041EBD1 /* BarBop */ = {
			isa = PBXNativeTarget;
			buildConfigurationList = AE078F632FFD1B010041EBD1 /* Build configuration list for PBXNativeTarget "BarBop" */;
			buildPhases = (
				AE078F3E2FFD1B000041EBD1 /* Sources */,
				AE078F3F2FFD1B000041EBD1 /* Frameworks */,
				AE078F402FFD1B000041EBD1 /* Resources */,
			);
			buildRules = (
			);
			dependencies = (
			);
			fileSystemSynchronizedGroups = (
				AE078F442FFD1B000041EBD1 /* BarBop */,
				C00100010000000000000001 /* NotificationBannerCore */,
			);
			name = BarBop;
			packageProductDependencies = (
				D00100020000000000000002 /* Sparkle */,
			);
			productName = BarBop;
			productReference = AE078F422FFD1B000041EBD1 /* BarBop.app */;
			productType = "com.apple.product-type.application";
		};
		AE078F4E2FFD1B000041EBD1 /* BarBopTests */ = {
			isa = PBXNativeTarget;
			buildConfigurationList = AE078F662FFD1B010041EBD1 /* Build configuration list for PBXNativeTarget "BarBopTests" */;
			buildPhases = (
				AE078F4B2FFD1B000041EBD1 /* Sources */,
				AE078F4C2FFD1B000041EBD1 /* Frameworks */,
				AE078F4D2FFD1B000041EBD1 /* Resources */,
			);
			buildRules = (
			);
			dependencies = (
				AE078F512FFD1B000041EBD1 /* PBXTargetDependency */,
			);
			fileSystemSynchronizedGroups = (
				AE078F522FFD1B000041EBD1 /* BarBopTests */,
			);
			name = BarBopTests;
			packageProductDependencies = (
			);
			productName = BarBopTests;
			productReference = AE078F4F2FFD1B000041EBD1 /* BarBopTests.xctest */;
			productType = "com.apple.product-type.bundle.unit-test";
		};
		AE078F582FFD1B000041EBD1 /* BarBopUITests */ = {
			isa = PBXNativeTarget;
			buildConfigurationList = AE078F692FFD1B010041EBD1 /* Build configuration list for PBXNativeTarget "BarBopUITests" */;
			buildPhases = (
				AE078F552FFD1B000041EBD1 /* Sources */,
				AE078F562FFD1B000041EBD1 /* Frameworks */,
				AE078F572FFD1B000041EBD1 /* Resources */,
			);
			buildRules = (
			);
			dependencies = (
				AE078F5B2FFD1B000041EBD1 /* PBXTargetDependency */,
			);
			fileSystemSynchronizedGroups = (
				AE078F5C2FFD1B000041EBD1 /* BarBopUITests */,
			);
			name = BarBopUITests;
			packageProductDependencies = (
			);
			productName = BarBopUITests;
			productReference = AE078F592FFD1B000041EBD1 /* BarBopUITests.xctest */;
			productType = "com.apple.product-type.bundle.ui-testing";
		};
		B00100030000000000000003 /* NotificationObserverSpike */ = {
			isa = PBXNativeTarget;
			buildConfigurationList = B00100090000000000000009 /* Build configuration list for PBXNativeTarget "NotificationObserverSpike" */;
			buildPhases = (
				B00100040000000000000004 /* Sources */,
				B00100050000000000000005 /* Frameworks */,
				B00100060000000000000006 /* Resources */,
			);
			buildRules = (
			);
			dependencies = (
			);
			fileSystemSynchronizedGroups = (
				B00100020000000000000002 /* NotificationObserverSpike */,
				C00100010000000000000001 /* NotificationBannerCore */,
			);
			name = NotificationObserverSpike;
			packageProductDependencies = (
			);
			productName = NotificationObserverSpike;
			productReference = B00100010000000000000001 /* NotificationObserverSpike.app */;
			productType = "com.apple.product-type.application";
		};
/* End PBXNativeTarget section */

/* Begin PBXProject section */
		AE078F3A2FFD1B000041EBD1 /* Project object */ = {
			isa = PBXProject;
			attributes = {
				BuildIndependentTargetsInParallel = 1;
				LastSwiftUpdateCheck = 2660;
				LastUpgradeCheck = 2660;
				TargetAttributes = {
					AE078F412FFD1B000041EBD1 = {
						CreatedOnToolsVersion = 26.6;
					};
					AE078F4E2FFD1B000041EBD1 = {
						CreatedOnToolsVersion = 26.6;
						TestTargetID = AE078F412FFD1B000041EBD1;
					};
					AE078F582FFD1B000041EBD1 = {
						CreatedOnToolsVersion = 26.6;
						TestTargetID = AE078F412FFD1B000041EBD1;
					};
					B00100030000000000000003 = {
						CreatedOnToolsVersion = 26.6;
					};
				};
			};
			buildConfigurationList = AE078F3D2FFD1B000041EBD1 /* Build configuration list for PBXProject "BarBop" */;
			developmentRegion = en;
			hasScannedForEncodings = 0;
			knownRegions = (
				en,
				Base,
			);
			mainGroup = AE078F392FFD1B000041EBD1;
			minimizedProjectReferenceProxies = 1;
			packageReferences = (
				D00100010000000000000001 /* XCRemoteSwiftPackageReference "Sparkle" */,
			);
			preferredProjectObjectVersion = 77;
			productRefGroup = AE078F432FFD1B000041EBD1 /* Products */;
			projectDirPath = "";
			projectRoot = "";
			targets = (
				AE078F412FFD1B000041EBD1 /* BarBop */,
				AE078F4E2FFD1B000041EBD1 /* BarBopTests */,
				AE078F582FFD1B000041EBD1 /* BarBopUITests */,
				B00100030000000000000003 /* NotificationObserverSpike */,
			);
		};
/* End PBXProject section */

/* Begin PBXResourcesBuildPhase section */
		AE078F402FFD1B000041EBD1 /* Resources */ = {
			isa = PBXResourcesBuildPhase;
			buildActionMask = 2147483647;
			files = (
			);
			runOnlyForDeploymentPostprocessing = 0;
		};
		AE078F4D2FFD1B000041EBD1 /* Resources */ = {
			isa = PBXResourcesBuildPhase;
			buildActionMask = 2147483647;
			files = (
			);
			runOnlyForDeploymentPostprocessing = 0;
		};
		AE078F572FFD1B000041EBD1 /* Resources */ = {
			isa = PBXResourcesBuildPhase;
			buildActionMask = 2147483647;
			files = (
			);
			runOnlyForDeploymentPostprocessing = 0;
		};
		B00100060000000000000006 /* Resources */ = {
			isa = PBXResourcesBuildPhase;
			buildActionMask = 2147483647;
			files = (
			);
			runOnlyForDeploymentPostprocessing = 0;
		};
/* End PBXResourcesBuildPhase section */

/* Begin PBXSourcesBuildPhase section */
		AE078F3E2FFD1B000041EBD1 /* Sources */ = {
			isa = PBXSourcesBuildPhase;
			buildActionMask = 2147483647;
			files = (
			);
			runOnlyForDeploymentPostprocessing = 0;
		};
		AE078F4B2FFD1B000041EBD1 /* Sources */ = {
			isa = PBXSourcesBuildPhase;
			buildActionMask = 2147483647;
			files = (
			);
			runOnlyForDeploymentPostprocessing = 0;
		};
		AE078F552FFD1B000041EBD1 /* Sources */ = {
			isa = PBXSourcesBuildPhase;
			buildActionMask = 2147483647;
			files = (
			);
			runOnlyForDeploymentPostprocessing = 0;
		};
		B00100040000000000000004 /* Sources */ = {
			isa = PBXSourcesBuildPhase;
			buildActionMask = 2147483647;
			files = (
			);
			runOnlyForDeploymentPostprocessing = 0;
		};
/* End PBXSourcesBuildPhase section */

/* Begin PBXTargetDependency section */
		AE078F512FFD1B000041EBD1 /* PBXTargetDependency */ = {
			isa = PBXTargetDependency;
			target = AE078F412FFD1B000041EBD1 /* BarBop */;
			targetProxy = AE078F502FFD1B000041EBD1 /* PBXContainerItemProxy */;
		};
		AE078F5B2FFD1B000041EBD1 /* PBXTargetDependency */ = {
			isa = PBXTargetDependency;
			target = AE078F412FFD1B000041EBD1 /* BarBop */;
			targetProxy = AE078F5A2FFD1B000041EBD1 /* PBXContainerItemProxy */;
		};
/* End PBXTargetDependency section */

/* Begin XCBuildConfiguration section */
		AE078F612FFD1B010041EBD1 /* Debug */ = {
			isa = XCBuildConfiguration;
			buildSettings = {
				ALWAYS_SEARCH_USER_PATHS = NO;
				ASSETCATALOG_COMPILER_GENERATE_SWIFT_ASSET_SYMBOL_EXTENSIONS = YES;
				CLANG_ANALYZER_NONNULL = YES;
				CLANG_ANALYZER_NUMBER_OBJECT_CONVERSION = YES_AGGRESSIVE;
				CLANG_CXX_LANGUAGE_STANDARD = "gnu++20";
				CLANG_ENABLE_MODULES = YES;
				CLANG_ENABLE_OBJC_ARC = YES;
				CLANG_ENABLE_OBJC_WEAK = YES;
				CLANG_WARN_BLOCK_CAPTURE_AUTORELEASING = YES;
				CLANG_WARN_BOOL_CONVERSION = YES;
				CLANG_WARN_COMMA = YES;
				CLANG_WARN_CONSTANT_CONVERSION = YES;
				CLANG_WARN_DEPRECATED_OBJC_IMPLEMENTATIONS = YES;
				CLANG_WARN_DIRECT_OBJC_ISA_USAGE = YES_ERROR;
				CLANG_WARN_DOCUMENTATION_COMMENTS = YES;
				CLANG_WARN_EMPTY_BODY = YES;
				CLANG_WARN_ENUM_CONVERSION = YES;
				CLANG_WARN_INFINITE_RECURSION = YES;
				CLANG_WARN_INT_CONVERSION = YES;
				CLANG_WARN_NON_LITERAL_NULL_CONVERSION = YES;
				CLANG_WARN_OBJC_IMPLICIT_RETAIN_SELF = YES;
				CLANG_WARN_OBJC_LITERAL_CONVERSION = YES;
				CLANG_WARN_OBJC_ROOT_CLASS = YES_ERROR;
				CLANG_WARN_QUOTED_INCLUDE_IN_FRAMEWORK_HEADER = YES;
				CLANG_WARN_RANGE_LOOP_ANALYSIS = YES;
				CLANG_WARN_STRICT_PROTOTYPES = YES;
				CLANG_WARN_SUSPICIOUS_MOVE = YES;
				CLANG_WARN_UNGUARDED_AVAILABILITY = YES_AGGRESSIVE;
				CLANG_WARN_UNREACHABLE_CODE = YES;
				CLANG_WARN__DUPLICATE_METHOD_MATCH = YES;
				COPY_PHASE_STRIP = NO;
				DEBUG_INFORMATION_FORMAT = dwarf;
				ENABLE_STRICT_OBJC_MSGSEND = YES;
				ENABLE_TESTABILITY = YES;
				ENABLE_USER_SCRIPT_SANDBOXING = YES;
				GCC_C_LANGUAGE_STANDARD = gnu17;
				GCC_DYNAMIC_NO_PIC = NO;
				GCC_NO_COMMON_BLOCKS = YES;
				GCC_OPTIMIZATION_LEVEL = 0;
				GCC_PREPROCESSOR_DEFINITIONS = (
					"DEBUG=1",
					"$(inherited)",
				);
				GCC_WARN_64_TO_32_BIT_CONVERSION = YES;
				GCC_WARN_ABOUT_RETURN_TYPE = YES_ERROR;
				GCC_WARN_UNDECLARED_SELECTOR = YES;
				GCC_WARN_UNINITIALIZED_AUTOS = YES_AGGRESSIVE;
				GCC_WARN_UNUSED_FUNCTION = YES;
				GCC_WARN_UNUSED_VARIABLE = YES;
				LOCALIZATION_PREFERS_STRING_CATALOGS = YES;
				MACOSX_DEPLOYMENT_TARGET = 26.5;
				MTL_ENABLE_DEBUG_INFO = INCLUDE_SOURCE;
				MTL_FAST_MATH = YES;
				ONLY_ACTIVE_ARCH = YES;
				SDKROOT = macosx;
				SWIFT_ACTIVE_COMPILATION_CONDITIONS = "DEBUG $(inherited)";
				SWIFT_OPTIMIZATION_LEVEL = "-Onone";
			};
			name = Debug;
		};
		AE078F622FFD1B010041EBD1 /* Release */ = {
			isa = XCBuildConfiguration;
			buildSettings = {
				ALWAYS_SEARCH_USER_PATHS = NO;
				ASSETCATALOG_COMPILER_GENERATE_SWIFT_ASSET_SYMBOL_EXTENSIONS = YES;
				CLANG_ANALYZER_NONNULL = YES;
				CLANG_ANALYZER_NUMBER_OBJECT_CONVERSION = YES_AGGRESSIVE;
				CLANG_CXX_LANGUAGE_STANDARD = "gnu++20";
				CLANG_ENABLE_MODULES = YES;
				CLANG_ENABLE_OBJC_ARC = YES;
				CLANG_ENABLE_OBJC_WEAK = YES;
				CLANG_WARN_BLOCK_CAPTURE_AUTORELEASING = YES;
				CLANG_WARN_BOOL_CONVERSION = YES;
				CLANG_WARN_COMMA = YES;
				CLANG_WARN_CONSTANT_CONVERSION = YES;
				CLANG_WARN_DEPRECATED_OBJC_IMPLEMENTATIONS = YES;
				CLANG_WARN_DIRECT_OBJC_ISA_USAGE = YES_ERROR;
				CLANG_WARN_DOCUMENTATION_COMMENTS = YES;
				CLANG_WARN_EMPTY_BODY = YES;
				CLANG_WARN_ENUM_CONVERSION = YES;
				CLANG_WARN_INFINITE_RECURSION = YES;
				CLANG_WARN_INT_CONVERSION = YES;
				CLANG_WARN_NON_LITERAL_NULL_CONVERSION = YES;
				CLANG_WARN_OBJC_IMPLICIT_RETAIN_SELF = YES;
				CLANG_WARN_OBJC_LITERAL_CONVERSION = YES;
				CLANG_WARN_OBJC_ROOT_CLASS = YES_ERROR;
				CLANG_WARN_QUOTED_INCLUDE_IN_FRAMEWORK_HEADER = YES;
				CLANG_WARN_RANGE_LOOP_ANALYSIS = YES;
				CLANG_WARN_STRICT_PROTOTYPES = YES;
				CLANG_WARN_SUSPICIOUS_MOVE = YES;
				CLANG_WARN_UNGUARDED_AVAILABILITY = YES_AGGRESSIVE;
				CLANG_WARN_UNREACHABLE_CODE = YES;
				CLANG_WARN__DUPLICATE_METHOD_MATCH = YES;
				COPY_PHASE_STRIP = NO;
				DEBUG_INFORMATION_FORMAT = "dwarf-with-dsym";
				ENABLE_NS_ASSERTIONS = NO;
				ENABLE_STRICT_OBJC_MSGSEND = YES;
				ENABLE_USER_SCRIPT_SANDBOXING = YES;
				GCC_C_LANGUAGE_STANDARD = gnu17;
				GCC_NO_COMMON_BLOCKS = YES;
				GCC_WARN_64_TO_32_BIT_CONVERSION = YES;
				GCC_WARN_ABOUT_RETURN_TYPE = YES_ERROR;
				GCC_WARN_UNDECLARED_SELECTOR = YES;
				GCC_WARN_UNINITIALIZED_AUTOS = YES_AGGRESSIVE;
				GCC_WARN_UNUSED_FUNCTION = YES;
				GCC_WARN_UNUSED_VARIABLE = YES;
				LOCALIZATION_PREFERS_STRING_CATALOGS = YES;
				MACOSX_DEPLOYMENT_TARGET = 26.5;
				MTL_ENABLE_DEBUG_INFO = NO;
				MTL_FAST_MATH = YES;
				SDKROOT = macosx;
				SWIFT_COMPILATION_MODE = wholemodule;
			};
			name = Release;
		};
		AE078F642FFD1B010041EBD1 /* Debug */ = {
			isa = XCBuildConfiguration;
			buildSettings = {
				ASSETCATALOG_COMPILER_APPICON_NAME = AppIcon;
				ASSETCATALOG_COMPILER_GLOBAL_ACCENT_COLOR_NAME = AccentColor;
				"CODE_SIGN_IDENTITY[sdk=macosx*]" = "-";
				CODE_SIGN_STYLE = Automatic;
				COMBINE_HIDPI_IMAGES = YES;
				CURRENT_PROJECT_VERSION = 7;
				ENABLE_APP_SANDBOX = NO;
				ENABLE_HARDENED_RUNTIME = YES;
				ENABLE_PREVIEWS = YES;
				GENERATE_INFOPLIST_FILE = NO;
				INFOPLIST_FILE = BarBop/Info.plist;
				LD_RUNPATH_SEARCH_PATHS = (
					"$(inherited)",
					"@executable_path/../Frameworks",
				);
				MARKETING_VERSION = 0.1.1;
				PRODUCT_BUNDLE_IDENTIFIER = io.github.hsc03.BarBop;
				PRODUCT_NAME = "$(TARGET_NAME)";
				REGISTER_APP_GROUPS = YES;
				STRING_CATALOG_GENERATE_SYMBOLS = YES;
				SWIFT_APPROACHABLE_CONCURRENCY = YES;
				SWIFT_DEFAULT_ACTOR_ISOLATION = MainActor;
				SWIFT_EMIT_LOC_STRINGS = YES;
				SWIFT_UPCOMING_FEATURE_MEMBER_IMPORT_VISIBILITY = YES;
				SWIFT_VERSION = 5.0;
			};
			name = Debug;
		};
		AE078F652FFD1B010041EBD1 /* Release */ = {
			isa = XCBuildConfiguration;
			buildSettings = {
				ASSETCATALOG_COMPILER_APPICON_NAME = AppIcon;
				ASSETCATALOG_COMPILER_GLOBAL_ACCENT_COLOR_NAME = AccentColor;
				"CODE_SIGN_IDENTITY[sdk=macosx*]" = "-";
				CODE_SIGN_STYLE = Automatic;
				COMBINE_HIDPI_IMAGES = YES;
				CURRENT_PROJECT_VERSION = 7;
				ENABLE_APP_SANDBOX = NO;
				ENABLE_HARDENED_RUNTIME = YES;
				ENABLE_PREVIEWS = YES;
				EXCLUDED_ARCHS = x86_64;
				GENERATE_INFOPLIST_FILE = NO;
				INFOPLIST_FILE = BarBop/Info.plist;
				LD_RUNPATH_SEARCH_PATHS = (
					"$(inherited)",
					"@executable_path/../Frameworks",
				);
				MARKETING_VERSION = 0.1.1;
				PRODUCT_BUNDLE_IDENTIFIER = io.github.hsc03.BarBop;
				PRODUCT_NAME = "$(TARGET_NAME)";
				REGISTER_APP_GROUPS = YES;
				STRING_CATALOG_GENERATE_SYMBOLS = YES;
				SWIFT_APPROACHABLE_CONCURRENCY = YES;
				SWIFT_DEFAULT_ACTOR_ISOLATION = MainActor;
				SWIFT_EMIT_LOC_STRINGS = YES;
				SWIFT_UPCOMING_FEATURE_MEMBER_IMPORT_VISIBILITY = YES;
				SWIFT_VERSION = 5.0;
			};
			name = Release;
		};
		AE078F672FFD1B010041EBD1 /* Debug */ = {
			isa = XCBuildConfiguration;
			buildSettings = {
				BUNDLE_LOADER = "$(TEST_HOST)";
				CODE_SIGN_STYLE = Automatic;
				CURRENT_PROJECT_VERSION = 1;
				GENERATE_INFOPLIST_FILE = YES;
				MACOSX_DEPLOYMENT_TARGET = 26.5;
				MARKETING_VERSION = 1.0;
				PRODUCT_BUNDLE_IDENTIFIER = io.github.hsc03.BarBopTests;
				PRODUCT_NAME = "$(TARGET_NAME)";
				STRING_CATALOG_GENERATE_SYMBOLS = NO;
				SWIFT_APPROACHABLE_CONCURRENCY = YES;
				SWIFT_EMIT_LOC_STRINGS = NO;
				SWIFT_UPCOMING_FEATURE_MEMBER_IMPORT_VISIBILITY = YES;
				SWIFT_VERSION = 5.0;
				TEST_HOST = "$(BUILT_PRODUCTS_DIR)/BarBop.app/$(BUNDLE_EXECUTABLE_FOLDER_PATH)/BarBop";
			};
			name = Debug;
		};
		AE078F682FFD1B010041EBD1 /* Release */ = {
			isa = XCBuildConfiguration;
			buildSettings = {
				BUNDLE_LOADER = "$(TEST_HOST)";
				CODE_SIGN_STYLE = Automatic;
				CURRENT_PROJECT_VERSION = 1;
				GENERATE_INFOPLIST_FILE = YES;
				MACOSX_DEPLOYMENT_TARGET = 26.5;
				MARKETING_VERSION = 1.0;
				PRODUCT_BUNDLE_IDENTIFIER = io.github.hsc03.BarBopTests;
				PRODUCT_NAME = "$(TARGET_NAME)";
				STRING_CATALOG_GENERATE_SYMBOLS = NO;
				SWIFT_APPROACHABLE_CONCURRENCY = YES;
				SWIFT_EMIT_LOC_STRINGS = NO;
				SWIFT_UPCOMING_FEATURE_MEMBER_IMPORT_VISIBILITY = YES;
				SWIFT_VERSION = 5.0;
				TEST_HOST = "$(BUILT_PRODUCTS_DIR)/BarBop.app/$(BUNDLE_EXECUTABLE_FOLDER_PATH)/BarBop";
			};
			name = Release;
		};
		AE078F6A2FFD1B010041EBD1 /* Debug */ = {
			isa = XCBuildConfiguration;
			buildSettings = {
				CODE_SIGN_STYLE = Automatic;
				CURRENT_PROJECT_VERSION = 1;
				GENERATE_INFOPLIST_FILE = YES;
				MARKETING_VERSION = 1.0;
				PRODUCT_BUNDLE_IDENTIFIER = io.github.hsc03.BarBopUITests;
				PRODUCT_NAME = "$(TARGET_NAME)";
				STRING_CATALOG_GENERATE_SYMBOLS = NO;
				SWIFT_APPROACHABLE_CONCURRENCY = YES;
				SWIFT_EMIT_LOC_STRINGS = NO;
				SWIFT_UPCOMING_FEATURE_MEMBER_IMPORT_VISIBILITY = YES;
				SWIFT_VERSION = 5.0;
				TEST_TARGET_NAME = BarBop;
			};
			name = Debug;
		};
		AE078F6B2FFD1B010041EBD1 /* Release */ = {
			isa = XCBuildConfiguration;
			buildSettings = {
				CODE_SIGN_STYLE = Automatic;
				CURRENT_PROJECT_VERSION = 1;
				GENERATE_INFOPLIST_FILE = YES;
				MARKETING_VERSION = 1.0;
				PRODUCT_BUNDLE_IDENTIFIER = io.github.hsc03.BarBopUITests;
				PRODUCT_NAME = "$(TARGET_NAME)";
				STRING_CATALOG_GENERATE_SYMBOLS = NO;
				SWIFT_APPROACHABLE_CONCURRENCY = YES;
				SWIFT_EMIT_LOC_STRINGS = NO;
				SWIFT_UPCOMING_FEATURE_MEMBER_IMPORT_VISIBILITY = YES;
				SWIFT_VERSION = 5.0;
				TEST_TARGET_NAME = BarBop;
			};
			name = Release;
		};
		B00100070000000000000007 /* Debug */ = {
			isa = XCBuildConfiguration;
			buildSettings = {
				CODE_SIGN_IDENTITY = "-";
				CODE_SIGN_STYLE = Manual;
				CURRENT_PROJECT_VERSION = 1;
				DEVELOPMENT_TEAM = "";
				ENABLE_APP_SANDBOX = NO;
				ENABLE_DEBUG_DYLIB = NO;
				ENABLE_HARDENED_RUNTIME = YES;
				GENERATE_INFOPLIST_FILE = YES;
				MACOSX_DEPLOYMENT_TARGET = 26.5;
				MARKETING_VERSION = 0.1;
				OTHER_CODE_SIGN_FLAGS = "--options=runtime";
				PRODUCT_BUNDLE_IDENTIFIER = io.github.hsc03.NotificationObserverSpike;
				PRODUCT_NAME = "$(TARGET_NAME)";
				SKIP_INSTALL = YES;
				SWIFT_APPROACHABLE_CONCURRENCY = YES;
				SWIFT_DEFAULT_ACTOR_ISOLATION = MainActor;
				SWIFT_UPCOMING_FEATURE_MEMBER_IMPORT_VISIBILITY = YES;
				SWIFT_VERSION = 5.0;
			};
			name = Debug;
		};
		B00100080000000000000008 /* Release */ = {
			isa = XCBuildConfiguration;
			buildSettings = {
				CODE_SIGN_IDENTITY = "-";
				CODE_SIGN_STYLE = Manual;
				CURRENT_PROJECT_VERSION = 1;
				DEVELOPMENT_TEAM = "";
				ENABLE_APP_SANDBOX = NO;
				ENABLE_HARDENED_RUNTIME = YES;
				GENERATE_INFOPLIST_FILE = YES;
				MACOSX_DEPLOYMENT_TARGET = 26.5;
				MARKETING_VERSION = 0.1;
				OTHER_CODE_SIGN_FLAGS = "--options=runtime";
				PRODUCT_BUNDLE_IDENTIFIER = io.github.hsc03.NotificationObserverSpike;
				PRODUCT_NAME = "$(TARGET_NAME)";
				SKIP_INSTALL = YES;
				SWIFT_APPROACHABLE_CONCURRENCY = YES;
				SWIFT_DEFAULT_ACTOR_ISOLATION = MainActor;
				SWIFT_UPCOMING_FEATURE_MEMBER_IMPORT_VISIBILITY = YES;
				SWIFT_VERSION = 5.0;
			};
			name = Release;
		};
/* End XCBuildConfiguration section */

/* Begin XCConfigurationList section */
		AE078F3D2FFD1B000041EBD1 /* Build configuration list for PBXProject "BarBop" */ = {
			isa = XCConfigurationList;
			buildConfigurations = (
				AE078F612FFD1B010041EBD1 /* Debug */,
				AE078F622FFD1B010041EBD1 /* Release */,
			);
			defaultConfigurationIsVisible = 0;
			defaultConfigurationName = Release;
		};
		AE078F632FFD1B010041EBD1 /* Build configuration list for PBXNativeTarget "BarBop" */ = {
			isa = XCConfigurationList;
			buildConfigurations = (
				AE078F642FFD1B010041EBD1 /* Debug */,
				AE078F652FFD1B010041EBD1 /* Release */,
			);
			defaultConfigurationIsVisible = 0;
			defaultConfigurationName = Release;
		};
		AE078F662FFD1B010041EBD1 /* Build configuration list for PBXNativeTarget "BarBopTests" */ = {
			isa = XCConfigurationList;
			buildConfigurations = (
				AE078F672FFD1B010041EBD1 /* Debug */,
				AE078F682FFD1B010041EBD1 /* Release */,
			);
			defaultConfigurationIsVisible = 0;
			defaultConfigurationName = Release;
		};
		AE078F692FFD1B010041EBD1 /* Build configuration list for PBXNativeTarget "BarBopUITests" */ = {
			isa = XCConfigurationList;
			buildConfigurations = (
				AE078F6A2FFD1B010041EBD1 /* Debug */,
				AE078F6B2FFD1B010041EBD1 /* Release */,
			);
			defaultConfigurationIsVisible = 0;
			defaultConfigurationName = Release;
		};
		B00100090000000000000009 /* Build configuration list for PBXNativeTarget "NotificationObserverSpike" */ = {
			isa = XCConfigurationList;
			buildConfigurations = (
				B00100070000000000000007 /* Debug */,
				B00100080000000000000008 /* Release */,
			);
			defaultConfigurationIsVisible = 0;
			defaultConfigurationName = Release;
		};
/* End XCConfigurationList section */

/* Begin XCRemoteSwiftPackageReference section */
		D00100010000000000000001 /* XCRemoteSwiftPackageReference "Sparkle" */ = {
			isa = XCRemoteSwiftPackageReference;
			repositoryURL = "https://github.com/sparkle-project/Sparkle";
			requirement = {
				kind = upToNextMajorVersion;
				minimumVersion = 2.9.2;
			};
		};
/* End XCRemoteSwiftPackageReference section */

/* Begin XCSwiftPackageProductDependency section */
		D00100020000000000000002 /* Sparkle */ = {
			isa = XCSwiftPackageProductDependency;
			package = D00100010000000000000001 /* XCRemoteSwiftPackageReference "Sparkle" */;
			productName = Sparkle;
		};
/* End XCSwiftPackageProductDependency section */
	};
	rootObject = AE078F3A2FFD1B000041EBD1 /* Project object */;
}
